
Microsoft Visual Studio Solution File, Format Version 12.00
# Visual Studio Version 16
VisualStudioVersion = 16.0.31112.23
MinimumVisualStudioVersion = 10.0.40219.1
Project("{9A19103F-16F7-4668-BE54-9A1E7A4F7556}") = "QuizzApp", "QuizzApp\QuizzApp.csproj", "{4EADFA2E-AA98-4DE8-8E48-E3C09641DA88}"
EndProject
Project("{FAE04EC0-301F-11D3-BF4B-00C04F79EFBC}") = "ClassLibraryQuizzApp", "ClassLibraryQuizzApp\ClassLibraryQuizzApp.csproj", "{10E17A70-52FF-4054-A7F7-071213D6475F}"
EndProject
Global
	GlobalSection(SolutionConfigurationPlatforms) = preSolution
		Debug|Any CPU = Debug|Any CPU
		Release|Any CPU = Release|Any CPU
	EndGlobalSection
	GlobalSection(ProjectConfigurationPlatforms) = postSolution
		{4EADFA2E-AA98-4DE8-8E48-E3C09641DA88}.Debug|Any CPU.ActiveCfg = Debug|Any CPU
		{4EADFA2E-AA98-4DE8-8E48-E3C09641DA88}.Debug|Any CPU.Build.0 = Debug|Any CPU
		{4EADFA2E-AA98-4DE8-8E48-E3C09641DA88}.Release|Any CPU.ActiveCfg = Release|Any CPU
		{4EADFA2E-AA98-4DE8-8E48-E3C09641DA88}.Release|Any CPU.Build.0 = Release|Any CPU
		{10E17A70-52FF-4054-A7F7-071213D6475F}.Debug|Any CPU.ActiveCfg = Debug|Any CPU
		{10E17A70-52FF-4054-A7F7-071213D6475F}.Debug|Any CPU.Build.0 = Debug|Any CPU
		{10E17A70-52FF-4054-A7F7-071213D6475F}.Release|Any CPU.ActiveCfg = Release|Any CPU
		{10E17A70-52FF-4054-A7F7-071213D6475F}.Release|Any CPU.Build.0 = Release|Any CPU
	EndGlobalSection
	GlobalSection(SolutionProperties) = preSolution
		HideSolutionNode = FALSE
	EndGlobalSection
	GlobalSection(ExtensibilityGlobals) = postSolution
		SolutionGuid = {728855CC-4451-4A5E-B996-DE4A0D6C6A11}
	EndGlobalSection
EndGlobal
